
Microsoft Visual Studio Solution File, Format Version 12.00
# Visual Studio Version 17
VisualStudioVersion = 17.8.34330.188
MinimumVisualStudioVersion = 10.0.40219.1
Project("{FAE04EC0-301F-11D3-BF4B-00C04F79EFBC}") = "Snake Game", "Snake Game\Snake Game.csproj", "{FAAFB6F7-B5B1-4D02-AE2D-5FADE1EF2485}"
EndProject
Global
	GlobalSection(SolutionConfigurationPlatforms) = preSolution
		Debug|Any CPU = Debug|Any CPU
		Release|Any CPU = Release|Any CPU
	EndGlobalSection
	GlobalSection(ProjectConfigurationPlatforms) = postSolution
		{FAAFB6F7-B5B1-4D02-AE2D-5FADE1EF2485}.Debug|Any CPU.ActiveCfg = Debug|Any CPU
		{FAAFB6F7-B5B1-4D02-AE2D-5FADE1EF2485}.Debug|Any CPU.Build.0 = Debug|Any CPU
		{FAAFB6F7-B5B1-4D02-AE2D-5FADE1EF2485}.Release|Any CPU.ActiveCfg = Release|Any CPU
		{FAAFB6F7-B5B1-4D02-AE2D-5FADE1EF2485}.Release|Any CPU.Build.0 = Release|Any CPU
	EndGlobalSection
	GlobalSection(SolutionProperties) = preSolution
		HideSolutionNode = FALSE
	EndGlobalSection
	GlobalSection(ExtensibilityGlobals) = postSolution
		SolutionGuid = {F165D4C0-F094-44FC-BD80-D5D7E5F78128}
	EndGlobalSection
EndGlobal
